// !$*UTF8*$!
{
	archiveVersion = 1;
	classes = {
	};
	objectVersion = 52;
	objects = {

/* Begin PBXBuildFile section */
		8517081E257A289B003FE254 /* SpotifyHandler.swift in Sources */ = {isa = PBXBuildFile; fileRef = 8517081D257A289B003FE254 /* SpotifyHandler.swift */; };
		85170821257A3B15003FE254 /* Launch Screen.storyboard in Resources */ = {isa = PBXBuildFile; fileRef = 85170820257A3B15003FE254 /* Launch Screen.storyboard */; };
		85170825257A5218003FE254 /* QueueVC.swift in Sources */ = {isa = PBXBuildFile; fileRef = 85170824257A5218003FE254 /* QueueVC.swift */; };
		85170828257A5260003FE254 /* History1VC.swift in Sources */ = {isa = PBXBuildFile; fileRef = 85170827257A5260003FE254 /* History1VC.swift */; };
		8517082B257A5272003FE254 /* History2VC.swift in Sources */ = {isa = PBXBuildFile; fileRef = 8517082A257A5272003FE254 /* History2VC.swift */; };
		8517082E257A5291003FE254 /* SearchVC.swift in Sources */ = {isa = PBXBuildFile; fileRef = 8517082D257A5291003FE254 /* SearchVC.swift */; };
		85170831257A52B4003FE254 /* SearchResultsVC.swift in Sources */ = {isa = PBXBuildFile; fileRef = 85170830257A52B4003FE254 /* SearchResultsVC.swift */; };
		85170835257A5943003FE254 /* SpotifyAPI in Frameworks */ = {isa = PBXBuildFile; productRef = 85170834257A5943003FE254 /* SpotifyAPI */; };
		85170838257A5D16003FE254 /* SpotifyAPIHandler.swift in Sources */ = {isa = PBXBuildFile; fileRef = 85170837257A5D16003FE254 /* SpotifyAPIHandler.swift */; };
		8517083C257A6F66003FE254 /* SongTrack.swift in Sources */ = {isa = PBXBuildFile; fileRef = 8517083B257A6F66003FE254 /* SongTrack.swift */; };
		853D967425791FA90050C156 /* TabBarVC.swift in Sources */ = {isa = PBXBuildFile; fileRef = 853D967325791FA90050C156 /* TabBarVC.swift */; };
		854AED0F2578D03500B31C14 /* ConnectSpotifyVC.swift in Sources */ = {isa = PBXBuildFile; fileRef = 854AED0E2578D03500B31C14 /* ConnectSpotifyVC.swift */; };
		854AED122578DA1700B31C14 /* CreateNameVC.swift in Sources */ = {isa = PBXBuildFile; fileRef = 854AED112578DA1700B31C14 /* CreateNameVC.swift */; };
		854AED16257913E100B31C14 /* HomePageVC.swift in Sources */ = {isa = PBXBuildFile; fileRef = 854AED15257913E100B31C14 /* HomePageVC.swift */; };
		854AED1D2579146200B31C14 /* AddSongPageVC.swift in Sources */ = {isa = PBXBuildFile; fileRef = 854AED1C2579146200B31C14 /* AddSongPageVC.swift */; };
		854AED202579147700B31C14 /* HistoryPageVC.swift in Sources */ = {isa = PBXBuildFile; fileRef = 854AED1F2579147700B31C14 /* HistoryPageVC.swift */; };
		854AED232579148A00B31C14 /* SettingsPageVC.swift in Sources */ = {isa = PBXBuildFile; fileRef = 854AED222579148A00B31C14 /* SettingsPageVC.swift */; };
		857740C82570C1190055D155 /* AppDelegate.swift in Sources */ = {isa = PBXBuildFile; fileRef = 857740C72570C1190055D155 /* AppDelegate.swift */; };
		857740CC2570C1190055D155 /* LogInViewController.swift in Sources */ = {isa = PBXBuildFile; fileRef = 857740CB2570C1190055D155 /* LogInViewController.swift */; };
		857740CF2570C1190055D155 /* Main.storyboard in Resources */ = {isa = PBXBuildFile; fileRef = 857740CD2570C1190055D155 /* Main.storyboard */; };
		857740D12570C11B0055D155 /* Assets.xcassets in Resources */ = {isa = PBXBuildFile; fileRef = 857740D02570C11B0055D155 /* Assets.xcassets */; };
		857740D42570C11B0055D155 /* LaunchScreen.storyboard in Resources */ = {isa = PBXBuildFile; fileRef = 857740D22570C11B0055D155 /* LaunchScreen.storyboard */; };
		857740DD2570D9E00055D155 /* SpotifyiOS.framework in Frameworks */ = {isa = PBXBuildFile; fileRef = 857740DC2570D9E00055D155 /* SpotifyiOS.framework */; };
		857740E12571FC7D0055D155 /* Auth.swift in Sources */ = {isa = PBXBuildFile; fileRef = 857740E02571FC7D0055D155 /* Auth.swift */; };
		857740EF25762D100055D155 /* CreateAccountVC.swift in Sources */ = {isa = PBXBuildFile; fileRef = 857740EE25762D100055D155 /* CreateAccountVC.swift */; };
		857740F3257643530055D155 /* GoogleService-Info.plist in Resources */ = {isa = PBXBuildFile; fileRef = 857740F2257643530055D155 /* GoogleService-Info.plist */; };
		85A5FA752577D851002B2381 /* User.swift in Sources */ = {isa = PBXBuildFile; fileRef = 85A5FA742577D851002B2381 /* User.swift */; };
		A1499FEB3C716C012A954894 /* Pods_RoadTrip.framework in Frameworks */ = {isa = PBXBuildFile; fileRef = 28895DD52A6C0915B3B5E61A /* Pods_RoadTrip.framework */; };
/* End PBXBuildFile section */

/* Begin PBXFileReference section */
		22F578C364253CA14E5BC237 /* Pods-RoadTrip.release.xcconfig */ = {isa = PBXFileReference; includeInIndex = 1; lastKnownFileType = text.xcconfig; name = "Pods-RoadTrip.release.xcconfig"; path = "Target Support Files/Pods-RoadTrip/Pods-RoadTrip.release.xcconfig"; sourceTree = "<group>"; };
		28895DD52A6C0915B3B5E61A /* Pods_RoadTrip.framework */ = {isa = PBXFileReference; explicitFileType = wrapper.framework; includeInIndex = 0; path = Pods_RoadTrip.framework; sourceTree = BUILT_PRODUCTS_DIR; };
		8517081D257A289B003FE254 /* SpotifyHandler.swift */ = {isa = PBXFileReference; lastKnownFileType = sourcecode.swift; path = SpotifyHandler.swift; sourceTree = "<group>"; };
		85170820257A3B15003FE254 /* Launch Screen.storyboard */ = {isa = PBXFileReference; lastKnownFileType = file.storyboard; path = "Launch Screen.storyboard"; sourceTree = "<group>"; };
		85170824257A5218003FE254 /* QueueVC.swift */ = {isa = PBXFileReference; lastKnownFileType = sourcecode.swift; path = QueueVC.swift; sourceTree = "<group>"; };
		85170827257A5260003FE254 /* History1VC.swift */ = {isa = PBXFileReference; fileEncoding = 4; lastKnownFileType = sourcecode.swift; path = History1VC.swift; sourceTree = "<group>"; };
		8517082A257A5272003FE254 /* History2VC.swift */ = {isa = PBXFileReference; fileEncoding = 4; lastKnownFileType = sourcecode.swift; path = History2VC.swift; sourceTree = "<group>"; };
		8517082D257A5291003FE254 /* SearchVC.swift */ = {isa = PBXFileReference; fileEncoding = 4; lastKnownFileType = sourcecode.swift; path = SearchVC.swift; sourceTree = "<group>"; };
		85170830257A52B4003FE254 /* SearchResultsVC.swift */ = {isa = PBXFileReference; fileEncoding = 4; lastKnownFileType = sourcecode.swift; path = SearchResultsVC.swift; sourceTree = "<group>"; };
		85170837257A5D16003FE254 /* SpotifyAPIHandler.swift */ = {isa = PBXFileReference; lastKnownFileType = sourcecode.swift; path = SpotifyAPIHandler.swift; sourceTree = "<group>"; };
		8517083B257A6F66003FE254 /* SongTrack.swift */ = {isa = PBXFileReference; lastKnownFileType = sourcecode.swift; path = SongTrack.swift; sourceTree = "<group>"; };
		853D967325791FA90050C156 /* TabBarVC.swift */ = {isa = PBXFileReference; lastKnownFileType = sourcecode.swift; path = TabBarVC.swift; sourceTree = "<group>"; };
		854AED0E2578D03500B31C14 /* ConnectSpotifyVC.swift */ = {isa = PBXFileReference; lastKnownFileType = sourcecode.swift; path = ConnectSpotifyVC.swift; sourceTree = "<group>"; };
		854AED112578DA1700B31C14 /* CreateNameVC.swift */ = {isa = PBXFileReference; lastKnownFileType = sourcecode.swift; path = CreateNameVC.swift; sourceTree = "<group>"; };
		854AED15257913E100B31C14 /* HomePageVC.swift */ = {isa = PBXFileReference; lastKnownFileType = sourcecode.swift; path = HomePageVC.swift; sourceTree = "<group>"; };
		854AED1C2579146200B31C14 /* AddSongPageVC.swift */ = {isa = PBXFileReference; fileEncoding = 4; lastKnownFileType = sourcecode.swift; path = AddSongPageVC.swift; sourceTree = "<group>"; };
		854AED1F2579147700B31C14 /* HistoryPageVC.swift */ = {isa = PBXFileReference; fileEncoding = 4; lastKnownFileType = sourcecode.swift; path = HistoryPageVC.swift; sourceTree = "<group>"; };
		854AED222579148A00B31C14 /* SettingsPageVC.swift */ = {isa = PBXFileReference; fileEncoding = 4; lastKnownFileType = sourcecode.swift; path = SettingsPageVC.swift; sourceTree = "<group>"; };
		857740C42570C1190055D155 /* RoadTrip.app */ = {isa = PBXFileReference; explicitFileType = wrapper.application; includeInIndex = 0; path = RoadTrip.app; sourceTree = BUILT_PRODUCTS_DIR; };
		857740C72570C1190055D155 /* AppDelegate.swift */ = {isa = PBXFileReference; lastKnownFileType = sourcecode.swift; path = AppDelegate.swift; sourceTree = "<group>"; };
		857740CB2570C1190055D155 /* LogInViewController.swift */ = {isa = PBXFileReference; lastKnownFileType = sourcecode.swift; path = LogInViewController.swift; sourceTree = "<group>"; };
		857740CE2570C1190055D155 /* Base */ = {isa = PBXFileReference; lastKnownFileType = file.storyboard; name = Base; path = Base.lproj/Main.storyboard; sourceTree = "<group>"; };
		857740D02570C11B0055D155 /* Assets.xcassets */ = {isa = PBXFileReference; lastKnownFileType = folder.assetcatalog; path = Assets.xcassets; sourceTree = "<group>"; };
		857740D32570C11B0055D155 /* Base */ = {isa = PBXFileReference; lastKnownFileType = file.storyboard; name = Base; path = Base.lproj/LaunchScreen.storyboard; sourceTree = "<group>"; };
		857740D52570C11B0055D155 /* Info.plist */ = {isa = PBXFileReference; lastKnownFileType = text.plist.xml; path = Info.plist; sourceTree = "<group>"; };
		857740DC2570D9E00055D155 /* SpotifyiOS.framework */ = {isa = PBXFileReference; lastKnownFileType = wrapper.framework; path = SpotifyiOS.framework; sourceTree = "<group>"; };
		857740DE2570FDE70055D155 /* RoadTrip-Bridging-Header.h */ = {isa = PBXFileReference; lastKnownFileType = sourcecode.c.h; path = "RoadTrip-Bridging-Header.h"; sourceTree = "<group>"; };
		857740E02571FC7D0055D155 /* Auth.swift */ = {isa = PBXFileReference; lastKnownFileType = sourcecode.swift; path = Auth.swift; sourceTree = "<group>"; };
		857740EE25762D100055D155 /* CreateAccountVC.swift */ = {isa = PBXFileReference; lastKnownFileType = sourcecode.swift; path = CreateAccountVC.swift; sourceTree = "<group>"; };
		857740F2257643530055D155 /* GoogleService-Info.plist */ = {isa = PBXFileReference; fileEncoding = 4; lastKnownFileType = text.plist.xml; path = "GoogleService-Info.plist"; sourceTree = "<group>"; };
		85A5FA742577D851002B2381 /* User.swift */ = {isa = PBXFileReference; lastKnownFileType = sourcecode.swift; path = User.swift; sourceTree = "<group>"; };
		E5727A897ED43AF06570E945 /* Pods-RoadTrip.debug.xcconfig */ = {isa = PBXFileReference; includeInIndex = 1; lastKnownFileType = text.xcconfig; name = "Pods-RoadTrip.debug.xcconfig"; path = "Target Support Files/Pods-RoadTrip/Pods-RoadTrip.debug.xcconfig"; sourceTree = "<group>"; };
/* End PBXFileReference section */

/* Begin PBXFrameworksBuildPhase section */
		857740C12570C1190055D155 /* Frameworks */ = {
			isa = PBXFrameworksBuildPhase;
			buildActionMask = 2147483647;
			files = (
				857740DD2570D9E00055D155 /* SpotifyiOS.framework in Frameworks */,
				85170835257A5943003FE254 /* SpotifyAPI in Frameworks */,
				A1499FEB3C716C012A954894 /* Pods_RoadTrip.framework in Frameworks */,
			);
			runOnlyForDeploymentPostprocessing = 0;
		};
/* End PBXFrameworksBuildPhase section */

/* Begin PBXGroup section */
		7B13592D775A2EF84C01CBEF /* Frameworks */ = {
			isa = PBXGroup;
			children = (
				28895DD52A6C0915B3B5E61A /* Pods_RoadTrip.framework */,
			);
			name = Frameworks;
			sourceTree = "<group>";
		};
		857740BB2570C1190055D155 = {
			isa = PBXGroup;
			children = (
				857740DE2570FDE70055D155 /* RoadTrip-Bridging-Header.h */,
				857740C62570C1190055D155 /* RoadTrip */,
				857740C52570C1190055D155 /* Products */,
				ADAFCBED110E6E300C96C005 /* Pods */,
				7B13592D775A2EF84C01CBEF /* Frameworks */,
			);
			sourceTree = "<group>";
		};
		857740C52570C1190055D155 /* Products */ = {
			isa = PBXGroup;
			children = (
				857740C42570C1190055D155 /* RoadTrip.app */,
			);
			name = Products;
			sourceTree = "<group>";
		};
		857740C62570C1190055D155 /* RoadTrip */ = {
			isa = PBXGroup;
			children = (
				857740E02571FC7D0055D155 /* Auth.swift */,
				8517083B257A6F66003FE254 /* SongTrack.swift */,
				857740C72570C1190055D155 /* AppDelegate.swift */,
				857740CB2570C1190055D155 /* LogInViewController.swift */,
				8517081D257A289B003FE254 /* SpotifyHandler.swift */,
				85170837257A5D16003FE254 /* SpotifyAPIHandler.swift */,
				857740CD2570C1190055D155 /* Main.storyboard */,
				85170824257A5218003FE254 /* QueueVC.swift */,
				85170827257A5260003FE254 /* History1VC.swift */,
				8517082A257A5272003FE254 /* History2VC.swift */,
				8517082D257A5291003FE254 /* SearchVC.swift */,
				85170830257A52B4003FE254 /* SearchResultsVC.swift */,
				85170820257A3B15003FE254 /* Launch Screen.storyboard */,
				854AED15257913E100B31C14 /* HomePageVC.swift */,
				854AED1C2579146200B31C14 /* AddSongPageVC.swift */,
				854AED1F2579147700B31C14 /* HistoryPageVC.swift */,
				854AED222579148A00B31C14 /* SettingsPageVC.swift */,
				854AED112578DA1700B31C14 /* CreateNameVC.swift */,
				853D967325791FA90050C156 /* TabBarVC.swift */,
				854AED0E2578D03500B31C14 /* ConnectSpotifyVC.swift */,
				857740EE25762D100055D155 /* CreateAccountVC.swift */,
				85A5FA742577D851002B2381 /* User.swift */,
				857740D02570C11B0055D155 /* Assets.xcassets */,
				857740D22570C11B0055D155 /* LaunchScreen.storyboard */,
				857740D52570C11B0055D155 /* Info.plist */,
				857740DC2570D9E00055D155 /* SpotifyiOS.framework */,
				857740F2257643530055D155 /* GoogleService-Info.plist */,
			);
			path = RoadTrip;
			sourceTree = "<group>";
		};
		ADAFCBED110E6E300C96C005 /* Pods */ = {
			isa = PBXGroup;
			children = (
				E5727A897ED43AF06570E945 /* Pods-RoadTrip.debug.xcconfig */,
				22F578C364253CA14E5BC237 /* Pods-RoadTrip.release.xcconfig */,
			);
			path = Pods;
			sourceTree = "<group>";
		};
/* End PBXGroup section */

/* Begin PBXNativeTarget section */
		857740C32570C1190055D155 /* RoadTrip */ = {
			isa = PBXNativeTarget;
			buildConfigurationList = 857740D82570C11B0055D155 /* Build configuration list for PBXNativeTarget "RoadTrip" */;
			buildPhases = (
				75432C242D714C42C555E68D /* [CP] Check Pods Manifest.lock */,
				857740C02570C1190055D155 /* Sources */,
				857740C12570C1190055D155 /* Frameworks */,
				857740C22570C1190055D155 /* Resources */,
				6D4CE16A5D12D8B6B917C55E /* [CP] Embed Pods Frameworks */,
			);
			buildRules = (
			);
			dependencies = (
			);
			name = RoadTrip;
			packageProductDependencies = (
				85170834257A5943003FE254 /* SpotifyAPI */,
			);
			productName = RoadTrip;
			productReference = 857740C42570C1190055D155 /* RoadTrip.app */;
			productType = "com.apple.product-type.application";
		};
/* End PBXNativeTarget section */

/* Begin PBXProject section */
		857740BC2570C1190055D155 /* Project object */ = {
			isa = PBXProject;
			attributes = {
				LastSwiftUpdateCheck = 1210;
				LastUpgradeCheck = 1210;
				TargetAttributes = {
					857740C32570C1190055D155 = {
						CreatedOnToolsVersion = 12.1;
					};
				};
			};
			buildConfigurationList = 857740BF2570C1190055D155 /* Build configuration list for PBXProject "RoadTrip" */;
			compatibilityVersion = "Xcode 9.3";
			developmentRegion = en;
			hasScannedForEncodings = 0;
			knownRegions = (
				en,
				Base,
			);
			mainGroup = 857740BB2570C1190055D155;
			packageReferences = (
				85170833257A5943003FE254 /* XCRemoteSwiftPackageReference "SpotifyAPI" */,
			);
			productRefGroup = 857740C52570C1190055D155 /* Products */;
			projectDirPath = "";
			projectRoot = "";
			targets = (
				857740C32570C1190055D155 /* RoadTrip */,
			);
		};
/* End PBXProject section */

/* Begin PBXResourcesBuildPhase section */
		857740C22570C1190055D155 /* Resources */ = {
			isa = PBXResourcesBuildPhase;
			buildActionMask = 2147483647;
			files = (
				857740D42570C11B0055D155 /* LaunchScreen.storyboard in Resources */,
				857740D12570C11B0055D155 /* Assets.xcassets in Resources */,
				857740CF2570C1190055D155 /* Main.storyboard in Resources */,
				85170821257A3B15003FE254 /* Launch Screen.storyboard in Resources */,
				857740F3257643530055D155 /* GoogleService-Info.plist in Resources */,
			);
			runOnlyForDeploymentPostprocessing = 0;
		};
/* End PBXResourcesBuildPhase section */

/* Begin PBXShellScriptBuildPhase section */
		6D4CE16A5D12D8B6B917C55E /* [CP] Embed Pods Frameworks */ = {
			isa = PBXShellScriptBuildPhase;
			buildActionMask = 2147483647;
			files = (
			);
			inputFileListPaths = (
				"${PODS_ROOT}/Target Support Files/Pods-RoadTrip/Pods-RoadTrip-frameworks-${CONFIGURATION}-input-files.xcfilelist",
			);
			name = "[CP] Embed Pods Frameworks";
			outputFileListPaths = (
				"${PODS_ROOT}/Target Support Files/Pods-RoadTrip/Pods-RoadTrip-frameworks-${CONFIGURATION}-output-files.xcfilelist",
			);
			runOnlyForDeploymentPostprocessing = 0;
			shellPath = /bin/sh;
			shellScript = "\"${PODS_ROOT}/Target Support Files/Pods-RoadTrip/Pods-RoadTrip-frameworks.sh\"\n";
			showEnvVarsInLog = 0;
		};
		75432C242D714C42C555E68D /* [CP] Check Pods Manifest.lock */ = {
			isa = PBXShellScriptBuildPhase;
			buildActionMask = 2147483647;
			files = (
			);
			inputFileListPaths = (
			);
			inputPaths = (
				"${PODS_PODFILE_DIR_PATH}/Podfile.lock",
				"${PODS_ROOT}/Manifest.lock",
			);
			name = "[CP] Check Pods Manifest.lock";
			outputFileListPaths = (
			);
			outputPaths = (
				"$(DERIVED_FILE_DIR)/Pods-RoadTrip-checkManifestLockResult.txt",
			);
			runOnlyForDeploymentPostprocessing = 0;
			shellPath = /bin/sh;
			shellScript = "diff \"${PODS_PODFILE_DIR_PATH}/Podfile.lock\" \"${PODS_ROOT}/Manifest.lock\" > /dev/null\nif [ $? != 0 ] ; then\n    # print error to STDERR\n    echo \"error: The sandbox is not in sync with the Podfile.lock. Run 'pod install' or update your CocoaPods installation.\" >&2\n    exit 1\nfi\n# This output is used by Xcode 'outputs' to avoid re-running this script phase.\necho \"SUCCESS\" > \"${SCRIPT_OUTPUT_FILE_0}\"\n";
			showEnvVarsInLog = 0;
		};
/* End PBXShellScriptBuildPhase section */

/* Begin PBXSourcesBuildPhase section */
		857740C02570C1190055D155 /* Sources */ = {
			isa = PBXSourcesBuildPhase;
			buildActionMask = 2147483647;
			files = (
				853D967425791FA90050C156 /* TabBarVC.swift in Sources */,
				857740CC2570C1190055D155 /* LogInViewController.swift in Sources */,
				85170831257A52B4003FE254 /* SearchResultsVC.swift in Sources */,
				8517082B257A5272003FE254 /* History2VC.swift in Sources */,
				857740C82570C1190055D155 /* AppDelegate.swift in Sources */,
				854AED16257913E100B31C14 /* HomePageVC.swift in Sources */,
				854AED122578DA1700B31C14 /* CreateNameVC.swift in Sources */,
				854AED1D2579146200B31C14 /* AddSongPageVC.swift in Sources */,
				854AED232579148A00B31C14 /* SettingsPageVC.swift in Sources */,
				85170828257A5260003FE254 /* History1VC.swift in Sources */,
				854AED202579147700B31C14 /* HistoryPageVC.swift in Sources */,
				857740EF25762D100055D155 /* CreateAccountVC.swift in Sources */,
				8517081E257A289B003FE254 /* SpotifyHandler.swift in Sources */,
				8517082E257A5291003FE254 /* SearchVC.swift in Sources */,
				85170825257A5218003FE254 /* QueueVC.swift in Sources */,
				85170838257A5D16003FE254 /* SpotifyAPIHandler.swift in Sources */,
				857740E12571FC7D0055D155 /* Auth.swift in Sources */,
				85A5FA752577D851002B2381 /* User.swift in Sources */,
				854AED0F2578D03500B31C14 /* ConnectSpotifyVC.swift in Sources */,
				8517083C257A6F66003FE254 /* SongTrack.swift in Sources */,
			);
			runOnlyForDeploymentPostprocessing = 0;
		};
/* End PBXSourcesBuildPhase section */

/* Begin PBXVariantGroup section */
		857740CD2570C1190055D155 /* Main.storyboard */ = {
			isa = PBXVariantGroup;
			children = (
				857740CE2570C1190055D155 /* Base */,
			);
			name = Main.storyboard;
			sourceTree = "<group>";
		};
		857740D22570C11B0055D155 /* LaunchScreen.storyboard */ = {
			isa = PBXVariantGroup;
			children = (
				857740D32570C11B0055D155 /* Base */,
			);
			name = LaunchScreen.storyboard;
			sourceTree = "<group>";
		};
/* End PBXVariantGroup section */

/* Begin XCBuildConfiguration section */
		857740D62570C11B0055D155 /* Debug */ = {
			isa = XCBuildConfiguration;
			buildSettings = {
				ALWAYS_SEARCH_USER_PATHS = NO;
				CLANG_ANALYZER_NONNULL = YES;
				CLANG_ANALYZER_NUMBER_OBJECT_CONVERSION = YES_AGGRESSIVE;
				CLANG_CXX_LANGUAGE_STANDARD = "gnu++14";
				CLANG_CXX_LIBRARY = "libc++";
				CLANG_ENABLE_MODULES = YES;
				CLANG_ENABLE_OBJC_ARC = YES;
				CLANG_ENABLE_OBJC_WEAK = YES;
				CLANG_WARN_BLOCK_CAPTURE_AUTORELEASING = YES;
				CLANG_WARN_BOOL_CONVERSION = YES;
				CLANG_WARN_COMMA = YES;
				CLANG_WARN_CONSTANT_CONVERSION = YES;
				CLANG_WARN_DEPRECATED_OBJC_IMPLEMENTATIONS = YES;
				CLANG_WARN_DIRECT_OBJC_ISA_USAGE = YES_ERROR;
				CLANG_WARN_DOCUMENTATION_COMMENTS = YES;
				CLANG_WARN_EMPTY_BODY = YES;
				CLANG_WARN_ENUM_CONVERSION = YES;
				CLANG_WARN_INFINITE_RECURSION = YES;
				CLANG_WARN_INT_CONVERSION = YES;
				CLANG_WARN_NON_LITERAL_NULL_CONVERSION = YES;
				CLANG_WARN_OBJC_IMPLICIT_RETAIN_SELF = YES;
				CLANG_WARN_OBJC_LITERAL_CONVERSION = YES;
				CLANG_WARN_OBJC_ROOT_CLASS = YES_ERROR;
				CLANG_WARN_QUOTED_INCLUDE_IN_FRAMEWORK_HEADER = YES;
				CLANG_WARN_RANGE_LOOP_ANALYSIS = YES;
				CLANG_WARN_STRICT_PROTOTYPES = YES;
				CLANG_WARN_SUSPICIOUS_MOVE = YES;
				CLANG_WARN_UNGUARDED_AVAILABILITY = YES_AGGRESSIVE;
				CLANG_WARN_UNREACHABLE_CODE = YES;
				CLANG_WARN__DUPLICATE_METHOD_MATCH = YES;
				COPY_PHASE_STRIP = NO;
				DEBUG_INFORMATION_FORMAT = dwarf;
				ENABLE_STRICT_OBJC_MSGSEND = YES;
				ENABLE_TESTABILITY = YES;
				GCC_C_LANGUAGE_STANDARD = gnu11;
				GCC_DYNAMIC_NO_PIC = NO;
				GCC_NO_COMMON_BLOCKS = YES;
				GCC_OPTIMIZATION_LEVEL = 0;
				GCC_PREPROCESSOR_DEFINITIONS = (
					"DEBUG=1",
					"$(inherited)",
				);
				GCC_WARN_64_TO_32_BIT_CONVERSION = YES;
				GCC_WARN_ABOUT_RETURN_TYPE = YES_ERROR;
				GCC_WARN_UNDECLARED_SELECTOR = YES;
				GCC_WARN_UNINITIALIZED_AUTOS = YES_AGGRESSIVE;
				GCC_WARN_UNUSED_FUNCTION = YES;
				GCC_WARN_UNUSED_VARIABLE = YES;
				IPHONEOS_DEPLOYMENT_TARGET = 14.1;
				MTL_ENABLE_DEBUG_INFO = INCLUDE_SOURCE;
				MTL_FAST_MATH = YES;
				ONLY_ACTIVE_ARCH = YES;
				SDKROOT = iphoneos;
				SWIFT_ACTIVE_COMPILATION_CONDITIONS = DEBUG;
				SWIFT_OPTIMIZATION_LEVEL = "-Onone";
			};
			name = Debug;
		};
		857740D72570C11B0055D155 /* Release */ = {
			isa = XCBuildConfiguration;
			buildSettings = {
				ALWAYS_SEARCH_USER_PATHS = NO;
				CLANG_ANALYZER_NONNULL = YES;
				CLANG_ANALYZER_NUMBER_OBJECT_CONVERSION = YES_AGGRESSIVE;
				CLANG_CXX_LANGUAGE_STANDARD = "gnu++14";
				CLANG_CXX_LIBRARY = "libc++";
				CLANG_ENABLE_MODULES = YES;
				CLANG_ENABLE_OBJC_ARC = YES;
				CLANG_ENABLE_OBJC_WEAK = YES;
				CLANG_WARN_BLOCK_CAPTURE_AUTORELEASING = YES;
				CLANG_WARN_BOOL_CONVERSION = YES;
				CLANG_WARN_COMMA = YES;
				CLANG_WARN_CONSTANT_CONVERSION = YES;
				CLANG_WARN_DEPRECATED_OBJC_IMPLEMENTATIONS = YES;
				CLANG_WARN_DIRECT_OBJC_ISA_USAGE = YES_ERROR;
				CLANG_WARN_DOCUMENTATION_COMMENTS = YES;
				CLANG_WARN_EMPTY_BODY = YES;
				CLANG_WARN_ENUM_CONVERSION = YES;
				CLANG_WARN_INFINITE_RECURSION = YES;
				CLANG_WARN_INT_CONVERSION = YES;
				CLANG_WARN_NON_LITERAL_NULL_CONVERSION = YES;
				CLANG_WARN_OBJC_IMPLICIT_RETAIN_SELF = YES;
				CLANG_WARN_OBJC_LITERAL_CONVERSION = YES;
				CLANG_WARN_OBJC_ROOT_CLASS = YES_ERROR;
				CLANG_WARN_QUOTED_INCLUDE_IN_FRAMEWORK_HEADER = YES;
				CLANG_WARN_RANGE_LOOP_ANALYSIS = YES;
				CLANG_WARN_STRICT_PROTOTYPES = YES;
				CLANG_WARN_SUSPICIOUS_MOVE = YES;
				CLANG_WARN_UNGUARDED_AVAILABILITY = YES_AGGRESSIVE;
				CLANG_WARN_UNREACHABLE_CODE = YES;
				CLANG_WARN__DUPLICATE_METHOD_MATCH = YES;
				COPY_PHASE_STRIP = NO;
				DEBUG_INFORMATION_FORMAT = "dwarf-with-dsym";
				ENABLE_NS_ASSERTIONS = NO;
				ENABLE_STRICT_OBJC_MSGSEND = YES;
				GCC_C_LANGUAGE_STANDARD = gnu11;
				GCC_NO_COMMON_BLOCKS = YES;
				GCC_WARN_64_TO_32_BIT_CONVERSION = YES;
				GCC_WARN_ABOUT_RETURN_TYPE = YES_ERROR;
				GCC_WARN_UNDECLARED_SELECTOR = YES;
				GCC_WARN_UNINITIALIZED_AUTOS = YES_AGGRESSIVE;
				GCC_WARN_UNUSED_FUNCTION = YES;
				GCC_WARN_UNUSED_VARIABLE = YES;
				IPHONEOS_DEPLOYMENT_TARGET = 14.1;
				MTL_ENABLE_DEBUG_INFO = NO;
				MTL_FAST_MATH = YES;
				SDKROOT = iphoneos;
				SWIFT_COMPILATION_MODE = wholemodule;
				SWIFT_OPTIMIZATION_LEVEL = "-O";
				VALIDATE_PRODUCT = YES;
			};
			name = Release;
		};
		857740D92570C11B0055D155 /* Debug */ = {
			isa = XCBuildConfiguration;
			baseConfigurationReference = E5727A897ED43AF06570E945 /* Pods-RoadTrip.debug.xcconfig */;
			buildSettings = {
				ASSETCATALOG_COMPILER_GLOBAL_ACCENT_COLOR_NAME = AccentColor;
				CODE_SIGN_STYLE = Automatic;
				DEVELOPMENT_TEAM = 4SQ6CVUFYA;
				FRAMEWORK_SEARCH_PATHS = (
					"$(inherited)",
					"$(PROJECT_DIR)/RoadTrip",
				);
				INFOPLIST_FILE = RoadTrip/Info.plist;
				IPHONEOS_DEPLOYMENT_TARGET = 13.1;
				LD_RUNPATH_SEARCH_PATHS = (
					"$(inherited)",
					"@executable_path/Frameworks",
				);
				OTHER_LDFLAGS = "-ObjC";
				PRODUCT_BUNDLE_IDENTIFIER = ChanminPark.RoadTrip;
				PRODUCT_NAME = "$(TARGET_NAME)";
				SWIFT_OBJC_BRIDGING_HEADER = "RoadTrip-Bridging-Header.h";
				SWIFT_VERSION = 5.0;
				TARGETED_DEVICE_FAMILY = "1,2";
			};
			name = Debug;
		};
		857740DA2570C11B0055D155 /* Release */ = {
			isa = XCBuildConfiguration;
			baseConfigurationReference = 22F578C364253CA14E5BC237 /* Pods-RoadTrip.release.xcconfig */;
			buildSettings = {
				ASSETCATALOG_COMPILER_GLOBAL_ACCENT_COLOR_NAME = AccentColor;
				CODE_SIGN_STYLE = Automatic;
				DEVELOPMENT_TEAM = 4SQ6CVUFYA;
				FRAMEWORK_SEARCH_PATHS = (
					"$(inherited)",
					"$(PROJECT_DIR)/RoadTrip",
				);
				INFOPLIST_FILE = RoadTrip/Info.plist;
				IPHONEOS_DEPLOYMENT_TARGET = 13.1;
				LD_RUNPATH_SEARCH_PATHS = (
					"$(inherited)",
					"@executable_path/Frameworks",
				);
				OTHER_LDFLAGS = "-ObjC";
				PRODUCT_BUNDLE_IDENTIFIER = ChanminPark.RoadTrip;
				PRODUCT_NAME = "$(TARGET_NAME)";
				SWIFT_OBJC_BRIDGING_HEADER = "RoadTrip-Bridging-Header.h";
				SWIFT_VERSION = 5.0;
				TARGETED_DEVICE_FAMILY = "1,2";
			};
			name = Release;
		};
/* End XCBuildConfiguration section */

/* Begin XCConfigurationList section */
		857740BF2570C1190055D155 /* Build configuration list for PBXProject "RoadTrip" */ = {
			isa = XCConfigurationList;
			buildConfigurations = (
				857740D62570C11B0055D155 /* Debug */,
				857740D72570C11B0055D155 /* Release */,
			);
			defaultConfigurationIsVisible = 0;
			defaultConfigurationName = Release;
		};
		857740D82570C11B0055D155 /* Build configuration list for PBXNativeTarget "RoadTrip" */ = {
			isa = XCConfigurationList;
			buildConfigurations = (
				857740D92570C11B0055D155 /* Debug */,
				857740DA2570C11B0055D155 /* Release */,
			);
			defaultConfigurationIsVisible = 0;
			defaultConfigurationName = Release;
		};
/* End XCConfigurationList section */

/* Begin XCRemoteSwiftPackageReference section */
		85170833257A5943003FE254 /* XCRemoteSwiftPackageReference "SpotifyAPI" */ = {
			isa = XCRemoteSwiftPackageReference;
			repositoryURL = "https://github.com/Peter-Schorn/SpotifyAPI.git";
			requirement = {
				kind = upToNextMajorVersion;
				minimumVersion = 1.1.2;
			};
		};
/* End XCRemoteSwiftPackageReference section */

/* Begin XCSwiftPackageProductDependency section */
		85170834257A5943003FE254 /* SpotifyAPI */ = {
			isa = XCSwiftPackageProductDependency;
			package = 85170833257A5943003FE254 /* XCRemoteSwiftPackageReference "SpotifyAPI" */;
			productName = SpotifyAPI;
		};
/* End XCSwiftPackageProductDependency section */
	};
	rootObject = 857740BC2570C1190055D155 /* Project object */;
}
